github.com/akamensky/argparse v1.4.0 h1:YGzvsTqCvbEZhL8zZu2AiA5nq805NZh75JNj4ajn1xc=
github.com/akamensky/argparse v1.4.0/go.mod h1:S5kwC7IuDcEr5VeXtGPRVZ5o/FdhcMlQz4IZQuw64xA=
github.com/alitto/pond v1.8.1 h1:GzrU4ZERX0JDNMmAY2k5y1Wqgmul77nt3bsDgvwVgO4=
github.com/alitto/pond v1.8.1/go.mod h1:CmvIIGd5jKLasGI3D87qDkQxjzChdKMmnXMg3fG6M6Q=
github.com/alitto/pond v1.8.2 h1:k0k3GIE7CFLW/kyMJj5DDKLFg1VH09l8skZqg/yJNng=
github.com/alitto/pond v1.8.2/go.mod h1:CmvIIGd5jKLasGI3D87qDkQxjzChdKMmnXMg3fG6M6Q=
github.com/alitto/pond v1.8.3 h1:ydIqygCLVPqIX/USe5EaV/aSRXTRXDEI9JwuDdu+/xs=
github.com/alitto/pond v1.8.3/go.mod h1:CmvIIGd5jKLasGI3D87qDkQxjzChdKMmnXMg3fG6M6Q=
github.com/alitto/pond v1.9.2 h1:9Qb75z/scEZVCoSU+osVmQ0I0JOeLfdTDafrbcJ8CLs=
github.com/alitto/pond v1.9.2/go.mod h1:xQn3P/sHTYcU/1BR3i86IGIrilcrGC2LiS+E2+CJWsI=
github.com/alitto/pond/v2 v2.0.3/go.mod h1:xkjYEgQ05RSpWdfSd1nM3OVv7TBhLdy7rMp3+2Nq+yE=
